
Microsoft Visual Studio Solution File, Format Version 12.00
# Visual Studio Version 17
VisualStudioVersion = 17.6.33829.357
MinimumVisualStudioVersion = 10.0.40219.1
Project("{FAE04EC0-301F-11D3-BF4B-00C04F79EFBC}") = "Assignment-5-2", "Assignment-5-2.csproj", "{847FE20C-5B45-4DD2-AF45-25631991185B}"
EndProject
Global
	GlobalSection(SolutionConfigurationPlatforms) = preSolution
		Debug|Any CPU = Debug|Any CPU
		Release|Any CPU = Release|Any CPU
	EndGlobalSection
	GlobalSection(ProjectConfigurationPlatforms) = postSolution
		{847FE20C-5B45-4DD2-AF45-25631991185B}.Debug|Any CPU.ActiveCfg = Debug|Any CPU
		{847FE20C-5B45-4DD2-AF45-25631991185B}.Debug|Any CPU.Build.0 = Debug|Any CPU
		{847FE20C-5B45-4DD2-AF45-25631991185B}.Release|Any CPU.ActiveCfg = Release|Any CPU
		{847FE20C-5B45-4DD2-AF45-25631991185B}.Release|Any CPU.Build.0 = Release|Any CPU
	EndGlobalSection
	GlobalSection(SolutionProperties) = preSolution
		HideSolutionNode = FALSE
	EndGlobalSection
	GlobalSection(ExtensibilityGlobals) = postSolution
		SolutionGuid = {7A0124C0-B6EC-429E-8CF9-D1E7D7BF09BF}
	EndGlobalSection
EndGlobal
